
Microsoft Visual Studio Solution File, Format Version 12.00
# Visual Studio Version 17
VisualStudioVersion = 17.8.34330.188
MinimumVisualStudioVersion = 10.0.40219.1
Project("{FAE04EC0-301F-11D3-BF4B-00C04F79EFBC}") = "NavigationDrawer", "NavigationDrawer\NavigationDrawer.csproj", "{962D980A-F5EB-4806-889A-747A75612F38}"
EndProject
Global
	GlobalSection(SolutionConfigurationPlatforms) = preSolution
		Debug|Any CPU = Debug|Any CPU
		Release|Any CPU = Release|Any CPU
	EndGlobalSection
	GlobalSection(ProjectConfigurationPlatforms) = postSolution
		{962D980A-F5EB-4806-889A-747A75612F38}.Debug|Any CPU.ActiveCfg = Debug|Any CPU
		{962D980A-F5EB-4806-889A-747A75612F38}.Debug|Any CPU.Build.0 = Debug|Any CPU
		{962D980A-F5EB-4806-889A-747A75612F38}.Debug|Any CPU.Deploy.0 = Debug|Any CPU
		{962D980A-F5EB-4806-889A-747A75612F38}.Release|Any CPU.ActiveCfg = Release|Any CPU
		{962D980A-F5EB-4806-889A-747A75612F38}.Release|Any CPU.Build.0 = Release|Any CPU
		{962D980A-F5EB-4806-889A-747A75612F38}.Release|Any CPU.Deploy.0 = Release|Any CPU
	EndGlobalSection
	GlobalSection(SolutionProperties) = preSolution
		HideSolutionNode = FALSE
	EndGlobalSection
	GlobalSection(ExtensibilityGlobals) = postSolution
		SolutionGuid = {4D3BB136-098D-4900-B727-6AF6C66E25A9}
	EndGlobalSection
EndGlobal
